
Microsoft Visual Studio Solution File, Format Version 12.00
# Visual Studio Version 17
VisualStudioVersion = 17.8.34330.188
MinimumVisualStudioVersion = 10.0.40219.1
Project("{8BC9CEB8-8B4A-11D0-8D11-00A0C91BC942}") = "ArraysPtr", "ArraysPtr.vcxproj", "{030AC8EF-04C8-4026-B31C-F15A980C4C60}"
EndProject
Global
	GlobalSection(SolutionConfigurationPlatforms) = preSolution
		Debug|x64 = Debug|x64
		Debug|x86 = Debug|x86
		Release|x64 = Release|x64
		Release|x86 = Release|x86
	EndGlobalSection
	GlobalSection(ProjectConfigurationPlatforms) = postSolution
		{030AC8EF-04C8-4026-B31C-F15A980C4C60}.Debug|x64.ActiveCfg = Debug|x64
		{030AC8EF-04C8-4026-B31C-F15A980C4C60}.Debug|x64.Build.0 = Debug|x64
		{030AC8EF-04C8-4026-B31C-F15A980C4C60}.Debug|x86.ActiveCfg = Debug|Win32
		{030AC8EF-04C8-4026-B31C-F15A980C4C60}.Debug|x86.Build.0 = Debug|Win32
		{030AC8EF-04C8-4026-B31C-F15A980C4C60}.Release|x64.ActiveCfg = Release|x64
		{030AC8EF-04C8-4026-B31C-F15A980C4C60}.Release|x64.Build.0 = Release|x64
		{030AC8EF-04C8-4026-B31C-F15A980C4C60}.Release|x86.ActiveCfg = Release|Win32
		{030AC8EF-04C8-4026-B31C-F15A980C4C60}.Release|x86.Build.0 = Release|Win32
	EndGlobalSection
	GlobalSection(SolutionProperties) = preSolution
		HideSolutionNode = FALSE
	EndGlobalSection
	GlobalSection(ExtensibilityGlobals) = postSolution
		SolutionGuid = {04EB3D5F-4B7D-48D2-BCA4-20B8D90849DD}
	EndGlobalSection
EndGlobal
